
Microsoft Visual Studio Solution File, Format Version 12.00
# Visual Studio 14
VisualStudioVersion = 14.0.25420.1
MinimumVisualStudioVersion = 10.0.40219.1
Project("{FAE04EC0-301F-11D3-BF4B-00C04F79EFBC}") = "Atividade_11_10", "Atividade_11_10\Atividade_11_10.csproj", "{63DFDD26-486C-4437-BBFB-DCC766F21E3E}"
EndProject
Project("{FAE04EC0-301F-11D3-BF4B-00C04F79EFBC}") = "Carros", "Carros\Carros.csproj", "{F446A0BC-D749-4702-8613-80AB4558DCD9}"
EndProject
Project("{FAE04EC0-301F-11D3-BF4B-00C04F79EFBC}") = "SemNomeAinda", "SemNomeAinda\SemNomeAinda.csproj", "{44C46878-1FF6-4921-9A11-61F956F057C4}"
EndProject
Project("{FAE04EC0-301F-11D3-BF4B-00C04F79EFBC}") = "calculadora", "calculadora\calculadora.csproj", "{6DC2F9D9-9C48-425D-9CC9-38CEF971ECF3}"
EndProject
Global
	GlobalSection(SolutionConfigurationPlatforms) = preSolution
		Debug|Any CPU = Debug|Any CPU
		Release|Any CPU = Release|Any CPU
	EndGlobalSection
	GlobalSection(ProjectConfigurationPlatforms) = postSolution
		{63DFDD26-486C-4437-BBFB-DCC766F21E3E}.Debug|Any CPU.ActiveCfg = Debug|Any CPU
		{63DFDD26-486C-4437-BBFB-DCC766F21E3E}.Debug|Any CPU.Build.0 = Debug|Any CPU
		{63DFDD26-486C-4437-BBFB-DCC766F21E3E}.Release|Any CPU.ActiveCfg = Release|Any CPU
		{63DFDD26-486C-4437-BBFB-DCC766F21E3E}.Release|Any CPU.Build.0 = Release|Any CPU
		{F446A0BC-D749-4702-8613-80AB4558DCD9}.Debug|Any CPU.ActiveCfg = Debug|Any CPU
		{F446A0BC-D749-4702-8613-80AB4558DCD9}.Debug|Any CPU.Build.0 = Debug|Any CPU
		{F446A0BC-D749-4702-8613-80AB4558DCD9}.Release|Any CPU.ActiveCfg = Release|Any CPU
		{F446A0BC-D749-4702-8613-80AB4558DCD9}.Release|Any CPU.Build.0 = Release|Any CPU
		{44C46878-1FF6-4921-9A11-61F956F057C4}.Debug|Any CPU.ActiveCfg = Debug|Any CPU
		{44C46878-1FF6-4921-9A11-61F956F057C4}.Debug|Any CPU.Build.0 = Debug|Any CPU
		{44C46878-1FF6-4921-9A11-61F956F057C4}.Release|Any CPU.ActiveCfg = Release|Any CPU
		{44C46878-1FF6-4921-9A11-61F956F057C4}.Release|Any CPU.Build.0 = Release|Any CPU
		{6DC2F9D9-9C48-425D-9CC9-38CEF971ECF3}.Debug|Any CPU.ActiveCfg = Debug|Any CPU
		{6DC2F9D9-9C48-425D-9CC9-38CEF971ECF3}.Debug|Any CPU.Build.0 = Debug|Any CPU
		{6DC2F9D9-9C48-425D-9CC9-38CEF971ECF3}.Release|Any CPU.ActiveCfg = Release|Any CPU
		{6DC2F9D9-9C48-425D-9CC9-38CEF971ECF3}.Release|Any CPU.Build.0 = Release|Any CPU
	EndGlobalSection
	GlobalSection(SolutionProperties) = preSolution
		HideSolutionNode = FALSE
	EndGlobalSection
EndGlobal
